Microsoft Visual Studio Solution File, Format Version 10.00
# Visual Studio 2008
Project("{8BC9CEB8-8B4A-11D0-8D11-00A0C91BC942}") = "SBW", "SBWCore-vs2008.vcproj", "{D12ACE27-383A-4CB8-A07A-6D2958801475}"
EndProject
Project("{8BC9CEB8-8B4A-11D0-8D11-00A0C91BC942}") = "C++Broker", "SBWBrokerLight-vs2008.vcproj", "{7ADB1AE4-BACA-4E3E-B3C3-0D7D63561EF4}"
	ProjectSection(ProjectDependencies) = postProject
		{23B17957-907B-407B-908A-26EAA6027BBB} = {23B17957-907B-407B-908A-26EAA6027BBB}
	EndProjectSection
EndProject
Project("{8BC9CEB8-8B4A-11D0-8D11-00A0C91BC942}") = "SBW-static", "SBWCore-vs2008-static.vcproj", "{23B17957-907B-407B-908A-26EAA6027BBB}"
EndProject
Global
	GlobalSection(SolutionConfigurationPlatforms) = preSolution
		Debug|Win32 = Debug|Win32
		Release|Win32 = Release|Win32
	EndGlobalSection
	GlobalSection(ProjectConfigurationPlatforms) = postSolution
		{D12ACE27-383A-4CB8-A07A-6D2958801475}.Debug|Win32.ActiveCfg = Debug|Win32
		{D12ACE27-383A-4CB8-A07A-6D2958801475}.Debug|Win32.Build.0 = Debug|Win32
		{D12ACE27-383A-4CB8-A07A-6D2958801475}.Release|Win32.ActiveCfg = Release|Win32
		{D12ACE27-383A-4CB8-A07A-6D2958801475}.Release|Win32.Build.0 = Release|Win32
		{7ADB1AE4-BACA-4E3E-B3C3-0D7D63561EF4}.Debug|Win32.ActiveCfg = Debug|Win32
		{7ADB1AE4-BACA-4E3E-B3C3-0D7D63561EF4}.Debug|Win32.Build.0 = Debug|Win32
		{7ADB1AE4-BACA-4E3E-B3C3-0D7D63561EF4}.Release|Win32.ActiveCfg = Release|Win32
		{7ADB1AE4-BACA-4E3E-B3C3-0D7D63561EF4}.Release|Win32.Build.0 = Release|Win32
		{23B17957-907B-407B-908A-26EAA6027BBB}.Debug|Win32.ActiveCfg = Debug|Win32
		{23B17957-907B-407B-908A-26EAA6027BBB}.Debug|Win32.Build.0 = Debug|Win32
		{23B17957-907B-407B-908A-26EAA6027BBB}.Release|Win32.ActiveCfg = Release|Win32
		{23B17957-907B-407B-908A-26EAA6027BBB}.Release|Win32.Build.0 = Release|Win32
	EndGlobalSection
	GlobalSection(SolutionProperties) = preSolution
		HideSolutionNode = FALSE
	EndGlobalSection
EndGlobal
