<?xml version="1.0" encoding="utf-8"?>
<Project ToolsVersion="4.0" xmlns="http://schemas.microsoft.com/developer/msbuild/2003">
  <ItemGroup>
    <Filter Include="Source Files">
      <UniqueIdentifier>{f88eb67e-bfe5-471b-b5ac-4903038ffbb8}</UniqueIdentifier>
      <Extensions>cpp;c;cxx;rc;def;r;odl;idl;hpj;bat</Extensions>
    </Filter>
    <Filter Include="Header Files">
      <UniqueIdentifier>{2ad65877-45c2-4dcb-8d60-1363d8b48ecf}</UniqueIdentifier>
    </Filter>
  </ItemGroup>
  <ItemGroup>
    <ClCompile Include="..\src\ntriples_parse.c">
      <Filter>Source Files</Filter>
    </ClCompile>
    <ClCompile Include="..\src\parsedate.c">
      <Filter>Source Files</Filter>
    </ClCompile>
    <ClCompile Include="..\src\raptor_abbrev.c">
      <Filter>Source Files</Filter>
    </ClCompile>
    <ClCompile Include="..\src\raptor_avltree.c">
      <Filter>Source Files</Filter>
    </ClCompile>
    <ClCompile Include="..\src\raptor_expat.c">
      <Filter>Source Files</Filter>
    </ClCompile>
    <ClCompile Include="..\src\raptor_feature.c">
      <Filter>Source Files</Filter>
    </ClCompile>
    <ClCompile Include="..\src\raptor_general.c">
      <Filter>Source Files</Filter>
    </ClCompile>
    <ClCompile Include="..\src\raptor_guess.c">
      <Filter>Source Files</Filter>
    </ClCompile>
    <ClCompile Include="..\src\raptor_identifier.c">
      <Filter>Source Files</Filter>
    </ClCompile>
    <ClCompile Include="..\src\raptor_iostream.c">
      <Filter>Source Files</Filter>
    </ClCompile>
    <ClCompile Include="..\src\raptor_libxml.c">
      <Filter>Source Files</Filter>
    </ClCompile>
    <ClCompile Include="..\src\raptor_locator.c">
      <Filter>Source Files</Filter>
    </ClCompile>
    <ClCompile Include="..\src\raptor_memstr.c">
      <Filter>Source Files</Filter>
    </ClCompile>
    <ClCompile Include="..\src\raptor_namespace.c">
      <Filter>Source Files</Filter>
    </ClCompile>
    <ClCompile Include="..\src\raptor_nfc.c">
      <Filter>Source Files</Filter>
    </ClCompile>
    <ClCompile Include="..\src\raptor_nfc_data.c">
      <Filter>Source Files</Filter>
    </ClCompile>
    <ClCompile Include="..\src\raptor_parse.c">
      <Filter>Source Files</Filter>
    </ClCompile>
    <ClCompile Include="..\src\raptor_qname.c">
      <Filter>Source Files</Filter>
    </ClCompile>
    <ClCompile Include="..\src\raptor_rdfxml.c">
      <Filter>Source Files</Filter>
    </ClCompile>
    <ClCompile Include="..\src\raptor_rfc2396.c">
      <Filter>Source Files</Filter>
    </ClCompile>
    <ClCompile Include="..\src\raptor_rss.c">
      <Filter>Source Files</Filter>
    </ClCompile>
    <ClCompile Include="..\src\raptor_rss_common.c">
      <Filter>Source Files</Filter>
    </ClCompile>
    <ClCompile Include="..\src\raptor_sax2.c">
      <Filter>Source Files</Filter>
    </ClCompile>
    <ClCompile Include="..\src\raptor_sequence.c">
      <Filter>Source Files</Filter>
    </ClCompile>
    <ClCompile Include="..\src\raptor_serialize.c">
      <Filter>Source Files</Filter>
    </ClCompile>
    <ClCompile Include="..\src\raptor_serialize_ntriples.c">
      <Filter>Source Files</Filter>
    </ClCompile>
    <ClCompile Include="..\src\raptor_serialize_rdfxml.c">
      <Filter>Source Files</Filter>
    </ClCompile>
    <ClCompile Include="..\src\raptor_serialize_rdfxmla.c">
      <Filter>Source Files</Filter>
    </ClCompile>
    <ClCompile Include="..\src\raptor_serialize_rss.c">
      <Filter>Source Files</Filter>
    </ClCompile>
    <ClCompile Include="..\src\raptor_serialize_simple.c">
      <Filter>Source Files</Filter>
    </ClCompile>
    <ClCompile Include="..\src\raptor_set.c">
      <Filter>Source Files</Filter>
    </ClCompile>
    <ClCompile Include="..\src\raptor_statement.c">
      <Filter>Source Files</Filter>
    </ClCompile>
    <ClCompile Include="..\src\raptor_stringbuffer.c">
      <Filter>Source Files</Filter>
    </ClCompile>
    <ClCompile Include="..\src\raptor_turtle_writer.c">
      <Filter>Source Files</Filter>
    </ClCompile>
    <ClCompile Include="..\src\raptor_uri.c">
      <Filter>Source Files</Filter>
    </ClCompile>
    <ClCompile Include="..\src\raptor_utf8.c">
      <Filter>Source Files</Filter>
    </ClCompile>
    <ClCompile Include="..\src\raptor_win32.c">
      <Filter>Source Files</Filter>
    </ClCompile>
    <ClCompile Include="..\src\raptor_www.c">
      <Filter>Source Files</Filter>
    </ClCompile>
    <ClCompile Include="..\src\raptor_www_curl.c">
      <Filter>Source Files</Filter>
    </ClCompile>
    <ClCompile Include="..\src\raptor_www_libfetch.c">
      <Filter>Source Files</Filter>
    </ClCompile>
    <ClCompile Include="..\src\raptor_www_libxml.c">
      <Filter>Source Files</Filter>
    </ClCompile>
    <ClCompile Include="..\src\raptor_www_test.c">
      <Filter>Source Files</Filter>
    </ClCompile>
    <ClCompile Include="..\src\raptor_xml.c">
      <Filter>Source Files</Filter>
    </ClCompile>
    <ClCompile Include="..\src\raptor_xml_writer.c">
      <Filter>Source Files</Filter>
    </ClCompile>
    <ClCompile Include="..\src\strcasecmp.c">
      <Filter>Source Files</Filter>
    </ClCompile>
    <ClCompile Include="..\src\turtle_common.c">
      <Filter>Source Files</Filter>
    </ClCompile>
    <ClCompile Include="..\src\turtle_lexer.c">
      <Filter>Source Files</Filter>
    </ClCompile>
    <ClCompile Include="..\src\turtle_parser.c">
      <Filter>Source Files</Filter>
    </ClCompile>
  </ItemGroup>
  <ItemGroup>
    <ClInclude Include="..\src\n3_common.h">
      <Filter>Header Files</Filter>
    </ClInclude>
    <ClInclude Include="..\src\n3_lexer.h">
      <Filter>Header Files</Filter>
    </ClInclude>
    <ClInclude Include="..\src\n3_parser.h">
      <Filter>Header Files</Filter>
    </ClInclude>
    <ClInclude Include="..\src\raptor.h">
      <Filter>Header Files</Filter>
    </ClInclude>
    <ClInclude Include="..\src\raptor_internal.h">
      <Filter>Header Files</Filter>
    </ClInclude>
    <ClInclude Include="..\src\raptor_nfc.h">
      <Filter>Header Files</Filter>
    </ClInclude>
    <ClInclude Include="..\src\raptor_rss.h">
      <Filter>Header Files</Filter>
    </ClInclude>
    <ClInclude Include="..\src\turtle_common.h">
      <Filter>Header Files</Filter>
    </ClInclude>
    <ClInclude Include="..\src\turtle_lexer.h">
      <Filter>Header Files</Filter>
    </ClInclude>
    <ClInclude Include="..\src\turtle_parser.h">
      <Filter>Header Files</Filter>
    </ClInclude>
    <ClInclude Include="..\src\win32_raptor_config.h">
      <Filter>Header Files</Filter>
    </ClInclude>
  </ItemGroup>
</Project>